
Microsoft Visual Studio Solution File, Format Version 12.00
# Visual Studio 2015
Project("{FAE04EC0-301F-11D3-BF4B-00C04F79EFBC}") = "Pallopeli", "Pallopeli.csproj", "{42984E26-1D6F-606B-9797-4069340F5AEA}"
EndProject
Global
	GlobalSection(SolutionConfigurationPlatforms) = preSolution
		Debug|Any CPU = Debug|Any CPU
		Release|Any CPU = Release|Any CPU
	EndGlobalSection
	GlobalSection(ProjectConfigurationPlatforms) = postSolution
		{42984E26-1D6F-606B-9797-4069340F5AEA}.Debug|Any CPU.ActiveCfg = Debug|Any CPU
		{42984E26-1D6F-606B-9797-4069340F5AEA}.Debug|Any CPU.Build.0 = Debug|Any CPU
		{42984E26-1D6F-606B-9797-4069340F5AEA}.Release|Any CPU.ActiveCfg = Release|Any CPU
		{42984E26-1D6F-606B-9797-4069340F5AEA}.Release|Any CPU.Build.0 = Release|Any CPU
	EndGlobalSection
	GlobalSection(SolutionProperties) = preSolution
		HideSolutionNode = FALSE
	EndGlobalSection
EndGlobal
